// !$*UTF8*$!
{
	archiveVersion = 1;
	classes = {
	};
	objectVersion = 51;
	objects = {

/* Begin PBXBuildFile section */
		06F5809C26D4D19100161B80 /* AppDelegate.swift in Sources */ = {isa = PBXBuildFile; fileRef = 06F5809B26D4D19100161B80 /* AppDelegate.swift */; };
		06F5809E26D4D19100161B80 /* SceneDelegate.swift in Sources */ = {isa = PBXBuildFile; fileRef = 06F5809D26D4D19100161B80 /* SceneDelegate.swift */; };
		06F580A026D4D19100161B80 /* ViewController.swift in Sources */ = {isa = PBXBuildFile; fileRef = 06F5809F26D4D19100161B80 /* ViewController.swift */; };
		06F580A326D4D19100161B80 /* Main.storyboard in Resources */ = {isa = PBXBuildFile; fileRef = 06F580A126D4D19100161B80 /* Main.storyboard */; };
		06F580A526D4D19E00161B80 /* Assets.xcassets in Resources */ = {isa = PBXBuildFile; fileRef = 06F580A426D4D19E00161B80 /* Assets.xcassets */; };
		06F580A826D4D19E00161B80 /* LaunchScreen.storyboard in Resources */ = {isa = PBXBuildFile; fileRef = 06F580A626D4D19E00161B80 /* LaunchScreen.storyboard */; };
		06F580B326D4D19E00161B80 /* sample_ballcapTests.swift in Sources */ = {isa = PBXBuildFile; fileRef = 06F580B226D4D19E00161B80 /* sample_ballcapTests.swift */; };
		06F580BE26D4D19E00161B80 /* sample_ballcapUITests.swift in Sources */ = {isa = PBXBuildFile; fileRef = 06F580BD26D4D19E00161B80 /* sample_ballcapUITests.swift */; };
		06F580CC26D4D2C800161B80 /* GoogleService-Info.plist in Resources */ = {isa = PBXBuildFile; fileRef = 06F580CB26D4D2C800161B80 /* GoogleService-Info.plist */; };
		06F580D026D4D7D800161B80 /* ViewModel.swift in Sources */ = {isa = PBXBuildFile; fileRef = 06F580CF26D4D7D800161B80 /* ViewModel.swift */; };
		06F580D226D4D96D00161B80 /* FirebaseModel.swift in Sources */ = {isa = PBXBuildFile; fileRef = 06F580D126D4D96D00161B80 /* FirebaseModel.swift */; };
		06F580D426D4DA6800161B80 /* Model.swift in Sources */ = {isa = PBXBuildFile; fileRef = 06F580D326D4DA6800161B80 /* Model.swift */; };
		06F580D826D4E8E800161B80 /* DatasourceViewController.swift in Sources */ = {isa = PBXBuildFile; fileRef = 06F580D626D4E8E800161B80 /* DatasourceViewController.swift */; };
		06F580D926D4E8E800161B80 /* DatasourceViewController.xib in Resources */ = {isa = PBXBuildFile; fileRef = 06F580D726D4E8E800161B80 /* DatasourceViewController.xib */; };
		06F580DC26D4E9F700161B80 /* DatasourceViewModel.swift in Sources */ = {isa = PBXBuildFile; fileRef = 06F580DB26D4E9F700161B80 /* DatasourceViewModel.swift */; };
		06F580DE26D4EB1600161B80 /* DatasourceModel.swift in Sources */ = {isa = PBXBuildFile; fileRef = 06F580DD26D4EB1600161B80 /* DatasourceModel.swift */; };
		2AD1D4A7ADE2CBD7B1167747 /* Pods_sample_ballcap_sample_ballcapUITests.framework in Frameworks */ = {isa = PBXBuildFile; fileRef = D8EC4E2B9E11D918310A99C2 /* Pods_sample_ballcap_sample_ballcapUITests.framework */; };
		CAB33A2276B13044F5DA55B6 /* Pods_sample_ballcapTests.framework in Frameworks */ = {isa = PBXBuildFile; fileRef = 400DD07DCF3337B7FB7E8428 /* Pods_sample_ballcapTests.framework */; };
		ECD68696A1C348FFCDBCCDCA /* Pods_sample_ballcap.framework in Frameworks */ = {isa = PBXBuildFile; fileRef = 9A974F843E17FF448F4574C0 /* Pods_sample_ballcap.framework */; };
/* End PBXBuildFile section */

/* Begin PBXContainerItemProxy section */
		06F580AF26D4D19E00161B80 /* PBXContainerItemProxy */ = {
			isa = PBXContainerItemProxy;
			containerPortal = 06F5809026D4D19100161B80 /* Project object */;
			proxyType = 1;
			remoteGlobalIDString = 06F5809726D4D19100161B80;
			remoteInfo = sample_ballcap;
		};
		06F580BA26D4D19E00161B80 /* PBXContainerItemProxy */ = {
			isa = PBXContainerItemProxy;
			containerPortal = 06F5809026D4D19100161B80 /* Project object */;
			proxyType = 1;
			remoteGlobalIDString = 06F5809726D4D19100161B80;
			remoteInfo = sample_ballcap;
		};
/* End PBXContainerItemProxy section */

/* Begin PBXFileReference section */
		06F5809826D4D19100161B80 /* sample_ballcap.app */ = {isa = PBXFileReference; explicitFileType = wrapper.application; includeInIndex = 0; path = sample_ballcap.app; sourceTree = BUILT_PRODUCTS_DIR; };
		06F5809B26D4D19100161B80 /* AppDelegate.swift */ = {isa = PBXFileReference; lastKnownFileType = sourcecode.swift; path = AppDelegate.swift; sourceTree = "<group>"; };
		06F5809D26D4D19100161B80 /* SceneDelegate.swift */ = {isa = PBXFileReference; lastKnownFileType = sourcecode.swift; path = SceneDelegate.swift; sourceTree = "<group>"; };
		06F5809F26D4D19100161B80 /* ViewController.swift */ = {isa = PBXFileReference; lastKnownFileType = sourcecode.swift; path = ViewController.swift; sourceTree = "<group>"; };
		06F580A226D4D19100161B80 /* Base */ = {isa = PBXFileReference; lastKnownFileType = file.storyboard; name = Base; path = Base.lproj/Main.storyboard; sourceTree = "<group>"; };
		06F580A426D4D19E00161B80 /* Assets.xcassets */ = {isa = PBXFileReference; lastKnownFileType = folder.assetcatalog; path = Assets.xcassets; sourceTree = "<group>"; };
		06F580A726D4D19E00161B80 /* Base */ = {isa = PBXFileReference; lastKnownFileType = file.storyboard; name = Base; path = Base.lproj/LaunchScreen.storyboard; sourceTree = "<group>"; };
		06F580A926D4D19E00161B80 /* Info.plist */ = {isa = PBXFileReference; lastKnownFileType = text.plist.xml; path = Info.plist; sourceTree = "<group>"; };
		06F580AE26D4D19E00161B80 /* sample_ballcapTests.xctest */ = {isa = PBXFileReference; explicitFileType = wrapper.cfbundle; includeInIndex = 0; path = sample_ballcapTests.xctest; sourceTree = BUILT_PRODUCTS_DIR; };
		06F580B226D4D19E00161B80 /* sample_ballcapTests.swift */ = {isa = PBXFileReference; lastKnownFileType = sourcecode.swift; path = sample_ballcapTests.swift; sourceTree = "<group>"; };
		06F580B426D4D19E00161B80 /* Info.plist */ = {isa = PBXFileReference; lastKnownFileType = text.plist.xml; path = Info.plist; sourceTree = "<group>"; };
		06F580B926D4D19E00161B80 /* sample_ballcapUITests.xctest */ = {isa = PBXFileReference; explicitFileType = wrapper.cfbundle; includeInIndex = 0; path = sample_ballcapUITests.xctest; sourceTree = BUILT_PRODUCTS_DIR; };
		06F580BD26D4D19E00161B80 /* sample_ballcapUITests.swift */ = {isa = PBXFileReference; lastKnownFileType = sourcecode.swift; path = sample_ballcapUITests.swift; sourceTree = "<group>"; };
		06F580BF26D4D19E00161B80 /* Info.plist */ = {isa = PBXFileReference; lastKnownFileType = text.plist.xml; path = Info.plist; sourceTree = "<group>"; };
		06F580CB26D4D2C800161B80 /* GoogleService-Info.plist */ = {isa = PBXFileReference; fileEncoding = 4; lastKnownFileType = text.plist.xml; path = "GoogleService-Info.plist"; sourceTree = "<group>"; };
		06F580CF26D4D7D800161B80 /* ViewModel.swift */ = {isa = PBXFileReference; lastKnownFileType = sourcecode.swift; path = ViewModel.swift; sourceTree = "<group>"; };
		06F580D126D4D96D00161B80 /* FirebaseModel.swift */ = {isa = PBXFileReference; lastKnownFileType = sourcecode.swift; path = FirebaseModel.swift; sourceTree = "<group>"; };
		06F580D326D4DA6800161B80 /* Model.swift */ = {isa = PBXFileReference; lastKnownFileType = sourcecode.swift; path = Model.swift; sourceTree = "<group>"; };
		06F580D626D4E8E800161B80 /* DatasourceViewController.swift */ = {isa = PBXFileReference; lastKnownFileType = sourcecode.swift; path = DatasourceViewController.swift; sourceTree = "<group>"; };
		06F580D726D4E8E800161B80 /* DatasourceViewController.xib */ = {isa = PBXFileReference; lastKnownFileType = file.xib; path = DatasourceViewController.xib; sourceTree = "<group>"; };
		06F580DB26D4E9F700161B80 /* DatasourceViewModel.swift */ = {isa = PBXFileReference; lastKnownFileType = sourcecode.swift; path = DatasourceViewModel.swift; sourceTree = "<group>"; };
		06F580DD26D4EB1600161B80 /* DatasourceModel.swift */ = {isa = PBXFileReference; lastKnownFileType = sourcecode.swift; path = DatasourceModel.swift; sourceTree = "<group>"; };
		14AA7570E46D19EB462BF881 /* Pods-sample_ballcapTests.release.xcconfig */ = {isa = PBXFileReference; includeInIndex = 1; lastKnownFileType = text.xcconfig; name = "Pods-sample_ballcapTests.release.xcconfig"; path = "Target Support Files/Pods-sample_ballcapTests/Pods-sample_ballcapTests.release.xcconfig"; sourceTree = "<group>"; };
		194960FEE4287587946454CE /* Pods-sample_ballcap.debug.xcconfig */ = {isa = PBXFileReference; includeInIndex = 1; lastKnownFileType = text.xcconfig; name = "Pods-sample_ballcap.debug.xcconfig"; path = "Target Support Files/Pods-sample_ballcap/Pods-sample_ballcap.debug.xcconfig"; sourceTree = "<group>"; };
		2230ED4870C3C548A9736B68 /* Pods-sample_ballcap.release.xcconfig */ = {isa = PBXFileReference; includeInIndex = 1; lastKnownFileType = text.xcconfig; name = "Pods-sample_ballcap.release.xcconfig"; path = "Target Support Files/Pods-sample_ballcap/Pods-sample_ballcap.release.xcconfig"; sourceTree = "<group>"; };
		243CD21904DD266D36B5F186 /* Pods-sample_ballcap-sample_ballcapUITests.release.xcconfig */ = {isa = PBXFileReference; includeInIndex = 1; lastKnownFileType = text.xcconfig; name = "Pods-sample_ballcap-sample_ballcapUITests.release.xcconfig"; path = "Target Support Files/Pods-sample_ballcap-sample_ballcapUITests/Pods-sample_ballcap-sample_ballcapUITests.release.xcconfig"; sourceTree = "<group>"; };
		400DD07DCF3337B7FB7E8428 /* Pods_sample_ballcapTests.framework */ = {isa = PBXFileReference; explicitFileType = wrapper.framework; includeInIndex = 0; path = Pods_sample_ballcapTests.framework; sourceTree = BUILT_PRODUCTS_DIR; };
		5576719E93DC64AF835F0040 /* Pods-sample_ballcap-sample_ballcapUITests.debug.xcconfig */ = {isa = PBXFileReference; includeInIndex = 1; lastKnownFileType = text.xcconfig; name = "Pods-sample_ballcap-sample_ballcapUITests.debug.xcconfig"; path = "Target Support Files/Pods-sample_ballcap-sample_ballcapUITests/Pods-sample_ballcap-sample_ballcapUITests.debug.xcconfig"; sourceTree = "<group>"; };
		9A974F843E17FF448F4574C0 /* Pods_sample_ballcap.framework */ = {isa = PBXFileReference; explicitFileType = wrapper.framework; includeInIndex = 0; path = Pods_sample_ballcap.framework; sourceTree = BUILT_PRODUCTS_DIR; };
		CB65C402065E14AF790AE566 /* Pods-sample_ballcapTests.debug.xcconfig */ = {isa = PBXFileReference; includeInIndex = 1; lastKnownFileType = text.xcconfig; name = "Pods-sample_ballcapTests.debug.xcconfig"; path = "Target Support Files/Pods-sample_ballcapTests/Pods-sample_ballcapTests.debug.xcconfig"; sourceTree = "<group>"; };
		D8EC4E2B9E11D918310A99C2 /* Pods_sample_ballcap_sample_ballcapUITests.framework */ = {isa = PBXFileReference; explicitFileType = wrapper.framework; includeInIndex = 0; path = Pods_sample_ballcap_sample_ballcapUITests.framework; sourceTree = BUILT_PRODUCTS_DIR; };
/* End PBXFileReference section */

/* Begin PBXFrameworksBuildPhase section */
		06F5809526D4D19100161B80 /* Frameworks */ = {
			isa = PBXFrameworksBuildPhase;
			buildActionMask = 2147483647;
			files = (
				ECD68696A1C348FFCDBCCDCA /* Pods_sample_ballcap.framework in Frameworks */,
			);
			runOnlyForDeploymentPostprocessing = 0;
		};
		06F580AB26D4D19E00161B80 /* Frameworks */ = {
			isa = PBXFrameworksBuildPhase;
			buildActionMask = 2147483647;
			files = (
				CAB33A2276B13044F5DA55B6 /* Pods_sample_ballcapTests.framework in Frameworks */,
			);
			runOnlyForDeploymentPostprocessing = 0;
		};
		06F580B626D4D19E00161B80 /* Frameworks */ = {
			isa = PBXFrameworksBuildPhase;
			buildActionMask = 2147483647;
			files = (
				2AD1D4A7ADE2CBD7B1167747 /* Pods_sample_ballcap_sample_ballcapUITests.framework in Frameworks */,
			);
			runOnlyForDeploymentPostprocessing = 0;
		};
/* End PBXFrameworksBuildPhase section */

/* Begin PBXGroup section */
		06F5808F26D4D19100161B80 = {
			isa = PBXGroup;
			children = (
				06F5809A26D4D19100161B80 /* sample_ballcap */,
				06F580B126D4D19E00161B80 /* sample_ballcapTests */,
				06F580BC26D4D19E00161B80 /* sample_ballcapUITests */,
				06F5809926D4D19100161B80 /* Products */,
				991CE8A005773CE889ACD49A /* Pods */,
				D5E469BB3662563AD0582FE3 /* Frameworks */,
			);
			sourceTree = "<group>";
		};
		06F5809926D4D19100161B80 /* Products */ = {
			isa = PBXGroup;
			children = (
				06F5809826D4D19100161B80 /* sample_ballcap.app */,
				06F580AE26D4D19E00161B80 /* sample_ballcapTests.xctest */,
				06F580B926D4D19E00161B80 /* sample_ballcapUITests.xctest */,
			);
			name = Products;
			sourceTree = "<group>";
		};
		06F5809A26D4D19100161B80 /* sample_ballcap */ = {
			isa = PBXGroup;
			children = (
				06F5809B26D4D19100161B80 /* AppDelegate.swift */,
				06F5809D26D4D19100161B80 /* SceneDelegate.swift */,
				06F580CE26D4D7C400161B80 /* Models */,
				06F580CD26D4D7B800161B80 /* Views */,
				06F580A426D4D19E00161B80 /* Assets.xcassets */,
				06F580A626D4D19E00161B80 /* LaunchScreen.storyboard */,
				06F580A926D4D19E00161B80 /* Info.plist */,
				06F580CB26D4D2C800161B80 /* GoogleService-Info.plist */,
			);
			path = sample_ballcap;
			sourceTree = "<group>";
		};
		06F580B126D4D19E00161B80 /* sample_ballcapTests */ = {
			isa = PBXGroup;
			children = (
				06F580B226D4D19E00161B80 /* sample_ballcapTests.swift */,
				06F580B426D4D19E00161B80 /* Info.plist */,
			);
			path = sample_ballcapTests;
			sourceTree = "<group>";
		};
		06F580BC26D4D19E00161B80 /* sample_ballcapUITests */ = {
			isa = PBXGroup;
			children = (
				06F580BD26D4D19E00161B80 /* sample_ballcapUITests.swift */,
				06F580BF26D4D19E00161B80 /* Info.plist */,
			);
			path = sample_ballcapUITests;
			sourceTree = "<group>";
		};
		06F580CD26D4D7B800161B80 /* Views */ = {
			isa = PBXGroup;
			children = (
				06F580D526D4E8B200161B80 /* Home */,
				06F580DA26D4E8EC00161B80 /* Datasource */,
			);
			path = Views;
			sourceTree = "<group>";
		};
		06F580CE26D4D7C400161B80 /* Models */ = {
			isa = PBXGroup;
			children = (
				06F580D126D4D96D00161B80 /* FirebaseModel.swift */,
				06F580D326D4DA6800161B80 /* Model.swift */,
				06F580DD26D4EB1600161B80 /* DatasourceModel.swift */,
			);
			path = Models;
			sourceTree = "<group>";
		};
		06F580D526D4E8B200161B80 /* Home */ = {
			isa = PBXGroup;
			children = (
				06F5809F26D4D19100161B80 /* ViewController.swift */,
				06F580A126D4D19100161B80 /* Main.storyboard */,
				06F580CF26D4D7D800161B80 /* ViewModel.swift */,
			);
			path = Home;
			sourceTree = "<group>";
		};
		06F580DA26D4E8EC00161B80 /* Datasource */ = {
			isa = PBXGroup;
			children = (
				06F580D626D4E8E800161B80 /* DatasourceViewController.swift */,
				06F580D726D4E8E800161B80 /* DatasourceViewController.xib */,
				06F580DB26D4E9F700161B80 /* DatasourceViewModel.swift */,
			);
			path = Datasource;
			sourceTree = "<group>";
		};
		991CE8A005773CE889ACD49A /* Pods */ = {
			isa = PBXGroup;
			children = (
				194960FEE4287587946454CE /* Pods-sample_ballcap.debug.xcconfig */,
				2230ED4870C3C548A9736B68 /* Pods-sample_ballcap.release.xcconfig */,
				5576719E93DC64AF835F0040 /* Pods-sample_ballcap-sample_ballcapUITests.debug.xcconfig */,
				243CD21904DD266D36B5F186 /* Pods-sample_ballcap-sample_ballcapUITests.release.xcconfig */,
				CB65C402065E14AF790AE566 /* Pods-sample_ballcapTests.debug.xcconfig */,
				14AA7570E46D19EB462BF881 /* Pods-sample_ballcapTests.release.xcconfig */,
			);
			path = Pods;
			sourceTree = "<group>";
		};
		D5E469BB3662563AD0582FE3 /* Frameworks */ = {
			isa = PBXGroup;
			children = (
				9A974F843E17FF448F4574C0 /* Pods_sample_ballcap.framework */,
				D8EC4E2B9E11D918310A99C2 /* Pods_sample_ballcap_sample_ballcapUITests.framework */,
				400DD07DCF3337B7FB7E8428 /* Pods_sample_ballcapTests.framework */,
			);
			name = Frameworks;
			sourceTree = "<group>";
		};
/* End PBXGroup section */

/* Begin PBXNativeTarget section */
		06F5809726D4D19100161B80 /* sample_ballcap */ = {
			isa = PBXNativeTarget;
			buildConfigurationList = 06F580C226D4D19E00161B80 /* Build configuration list for PBXNativeTarget "sample_ballcap" */;
			buildPhases = (
				D94EA3180855CCF23921C07F /* [CP] Check Pods Manifest.lock */,
				06F5809426D4D19100161B80 /* Sources */,
				06F5809526D4D19100161B80 /* Frameworks */,
				06F5809626D4D19100161B80 /* Resources */,
				619665EE316A0F013F7A8682 /* [CP] Embed Pods Frameworks */,
			);
			buildRules = (
			);
			dependencies = (
			);
			name = sample_ballcap;
			productName = sample_ballcap;
			productReference = 06F5809826D4D19100161B80 /* sample_ballcap.app */;
			productType = "com.apple.product-type.application";
		};
		06F580AD26D4D19E00161B80 /* sample_ballcapTests */ = {
			isa = PBXNativeTarget;
			buildConfigurationList = 06F580C526D4D19E00161B80 /* Build configuration list for PBXNativeTarget "sample_ballcapTests" */;
			buildPhases = (
				8B1CE99922196C3FA55DEFA4 /* [CP] Check Pods Manifest.lock */,
				06F580AA26D4D19E00161B80 /* Sources */,
				06F580AB26D4D19E00161B80 /* Frameworks */,
				06F580AC26D4D19E00161B80 /* Resources */,
			);
			buildRules = (
			);
			dependencies = (
				06F580B026D4D19E00161B80 /* PBXTargetDependency */,
			);
			name = sample_ballcapTests;
			productName = sample_ballcapTests;
			productReference = 06F580AE26D4D19E00161B80 /* sample_ballcapTests.xctest */;
			productType = "com.apple.product-type.bundle.unit-test";
		};
		06F580B826D4D19E00161B80 /* sample_ballcapUITests */ = {
			isa = PBXNativeTarget;
			buildConfigurationList = 06F580C826D4D19E00161B80 /* Build configuration list for PBXNativeTarget "sample_ballcapUITests" */;
			buildPhases = (
				B56A8A1D177461E453FEDB49 /* [CP] Check Pods Manifest.lock */,
				06F580B526D4D19E00161B80 /* Sources */,
				06F580B626D4D19E00161B80 /* Frameworks */,
				06F580B726D4D19E00161B80 /* Resources */,
				3185FD39F3A90B853E8628E6 /* [CP] Embed Pods Frameworks */,
			);
			buildRules = (
			);
			dependencies = (
				06F580BB26D4D19E00161B80 /* PBXTargetDependency */,
			);
			name = sample_ballcapUITests;
			productName = sample_ballcapUITests;
			productReference = 06F580B926D4D19E00161B80 /* sample_ballcapUITests.xctest */;
			productType = "com.apple.product-type.bundle.ui-testing";
		};
/* End PBXNativeTarget section */

/* Begin PBXProject section */
		06F5809026D4D19100161B80 /* Project object */ = {
			isa = PBXProject;
			attributes = {
				LastSwiftUpdateCheck = 1250;
				LastUpgradeCheck = 1250;
				TargetAttributes = {
					06F5809726D4D19100161B80 = {
						CreatedOnToolsVersion = 12.5;
					};
					06F580AD26D4D19E00161B80 = {
						CreatedOnToolsVersion = 12.5;
						TestTargetID = 06F5809726D4D19100161B80;
					};
					06F580B826D4D19E00161B80 = {
						CreatedOnToolsVersion = 12.5;
						TestTargetID = 06F5809726D4D19100161B80;
					};
				};
			};
			buildConfigurationList = 06F5809326D4D19100161B80 /* Build configuration list for PBXProject "sample_ballcap" */;
			compatibilityVersion = "Xcode 9.3";
			developmentRegion = en;
			hasScannedForEncodings = 0;
			knownRegions = (
				en,
				Base,
			);
			mainGroup = 06F5808F26D4D19100161B80;
			productRefGroup = 06F5809926D4D19100161B80 /* Products */;
			projectDirPath = "";
			projectRoot = "";
			targets = (
				06F5809726D4D19100161B80 /* sample_ballcap */,
				06F580AD26D4D19E00161B80 /* sample_ballcapTests */,
				06F580B826D4D19E00161B80 /* sample_ballcapUITests */,
			);
		};
/* End PBXProject section */

/* Begin PBXResourcesBuildPhase section */
		06F5809626D4D19100161B80 /* Resources */ = {
			isa = PBXResourcesBuildPhase;
			buildActionMask = 2147483647;
			files = (
				06F580D926D4E8E800161B80 /* DatasourceViewController.xib in Resources */,
				06F580A826D4D19E00161B80 /* LaunchScreen.storyboard in Resources */,
				06F580CC26D4D2C800161B80 /* GoogleService-Info.plist in Resources */,
				06F580A526D4D19E00161B80 /* Assets.xcassets in Resources */,
				06F580A326D4D19100161B80 /* Main.storyboard in Resources */,
			);
			runOnlyForDeploymentPostprocessing = 0;
		};
		06F580AC26D4D19E00161B80 /* Resources */ = {
			isa = PBXResourcesBuildPhase;
			buildActionMask = 2147483647;
			files = (
			);
			runOnlyForDeploymentPostprocessing = 0;
		};
		06F580B726D4D19E00161B80 /* Resources */ = {
			isa = PBXResourcesBuildPhase;
			buildActionMask = 2147483647;
			files = (
			);
			runOnlyForDeploymentPostprocessing = 0;
		};
/* End PBXResourcesBuildPhase section */

/* Begin PBXShellScriptBuildPhase section */
		3185FD39F3A90B853E8628E6 /* [CP] Embed Pods Frameworks */ = {
			isa = PBXShellScriptBuildPhase;
			buildActionMask = 2147483647;
			files = (
			);
			inputFileListPaths = (
				"${PODS_ROOT}/Target Support Files/Pods-sample_ballcap-sample_ballcapUITests/Pods-sample_ballcap-sample_ballcapUITests-frameworks-${CONFIGURATION}-input-files.xcfilelist",
			);
			name = "[CP] Embed Pods Frameworks";
			outputFileListPaths = (
				"${PODS_ROOT}/Target Support Files/Pods-sample_ballcap-sample_ballcapUITests/Pods-sample_ballcap-sample_ballcapUITests-frameworks-${CONFIGURATION}-output-files.xcfilelist",
			);
			runOnlyForDeploymentPostprocessing = 0;
			shellPath = /bin/sh;
			shellScript = "\"${PODS_ROOT}/Target Support Files/Pods-sample_ballcap-sample_ballcapUITests/Pods-sample_ballcap-sample_ballcapUITests-frameworks.sh\"\n";
			showEnvVarsInLog = 0;
		};
		619665EE316A0F013F7A8682 /* [CP] Embed Pods Frameworks */ = {
			isa = PBXShellScriptBuildPhase;
			buildActionMask = 2147483647;
			files = (
			);
			inputFileListPaths = (
				"${PODS_ROOT}/Target Support Files/Pods-sample_ballcap/Pods-sample_ballcap-frameworks-${CONFIGURATION}-input-files.xcfilelist",
			);
			name = "[CP] Embed Pods Frameworks";
			outputFileListPaths = (
				"${PODS_ROOT}/Target Support Files/Pods-sample_ballcap/Pods-sample_ballcap-frameworks-${CONFIGURATION}-output-files.xcfilelist",
			);
			runOnlyForDeploymentPostprocessing = 0;
			shellPath = /bin/sh;
			shellScript = "\"${PODS_ROOT}/Target Support Files/Pods-sample_ballcap/Pods-sample_ballcap-frameworks.sh\"\n";
			showEnvVarsInLog = 0;
		};
		8B1CE99922196C3FA55DEFA4 /* [CP] Check Pods Manifest.lock */ = {
			isa = PBXShellScriptBuildPhase;
			buildActionMask = 2147483647;
			files = (
			);
			inputFileListPaths = (
			);
			inputPaths = (
				"${PODS_PODFILE_DIR_PATH}/Podfile.lock",
				"${PODS_ROOT}/Manifest.lock",
			);
			name = "[CP] Check Pods Manifest.lock";
			outputFileListPaths = (
			);
			outputPaths = (
				"$(DERIVED_FILE_DIR)/Pods-sample_ballcapTests-checkManifestLockResult.txt",
			);
			runOnlyForDeploymentPostprocessing = 0;
			shellPath = /bin/sh;
			shellScript = "diff \"${PODS_PODFILE_DIR_PATH}/Podfile.lock\" \"${PODS_ROOT}/Manifest.lock\" > /dev/null\nif [ $? != 0 ] ; then\n    # print error to STDERR\n    echo \"error: The sandbox is not in sync with the Podfile.lock. Run 'pod install' or update your CocoaPods installation.\" >&2\n    exit 1\nfi\n# This output is used by Xcode 'outputs' to avoid re-running this script phase.\necho \"SUCCESS\" > \"${SCRIPT_OUTPUT_FILE_0}\"\n";
			showEnvVarsInLog = 0;
		};
		B56A8A1D177461E453FEDB49 /* [CP] Check Pods Manifest.lock */ = {
			isa = PBXShellScriptBuildPhase;
			buildActionMask = 2147483647;
			files = (
			);
			inputFileListPaths = (
			);
			inputPaths = (
				"${PODS_PODFILE_DIR_PATH}/Podfile.lock",
				"${PODS_ROOT}/Manifest.lock",
			);
			name = "[CP] Check Pods Manifest.lock";
			outputFileListPaths = (
			);
			outputPaths = (
				"$(DERIVED_FILE_DIR)/Pods-sample_ballcap-sample_ballcapUITests-checkManifestLockResult.txt",
			);
			runOnlyForDeploymentPostprocessing = 0;
			shellPath = /bin/sh;
			shellScript = "diff \"${PODS_PODFILE_DIR_PATH}/Podfile.lock\" \"${PODS_ROOT}/Manifest.lock\" > /dev/null\nif [ $? != 0 ] ; then\n    # print error to STDERR\n    echo \"error: The sandbox is not in sync with the Podfile.lock. Run 'pod install' or update your CocoaPods installation.\" >&2\n    exit 1\nfi\n# This output is used by Xcode 'outputs' to avoid re-running this script phase.\necho \"SUCCESS\" > \"${SCRIPT_OUTPUT_FILE_0}\"\n";
			showEnvVarsInLog = 0;
		};
		D94EA3180855CCF23921C07F /* [CP] Check Pods Manifest.lock */ = {
			isa = PBXShellScriptBuildPhase;
			buildActionMask = 2147483647;
			files = (
			);
			inputFileListPaths = (
			);
			inputPaths = (
				"${PODS_PODFILE_DIR_PATH}/Podfile.lock",
				"${PODS_ROOT}/Manifest.lock",
			);
			name = "[CP] Check Pods Manifest.lock";
			outputFileListPaths = (
			);
			outputPaths = (
				"$(DERIVED_FILE_DIR)/Pods-sample_ballcap-checkManifestLockResult.txt",
			);
			runOnlyForDeploymentPostprocessing = 0;
			shellPath = /bin/sh;
			shellScript = "diff \"${PODS_PODFILE_DIR_PATH}/Podfile.lock\" \"${PODS_ROOT}/Manifest.lock\" > /dev/null\nif [ $? != 0 ] ; then\n    # print error to STDERR\n    echo \"error: The sandbox is not in sync with the Podfile.lock. Run 'pod install' or update your CocoaPods installation.\" >&2\n    exit 1\nfi\n# This output is used by Xcode 'outputs' to avoid re-running this script phase.\necho \"SUCCESS\" > \"${SCRIPT_OUTPUT_FILE_0}\"\n";
			showEnvVarsInLog = 0;
		};
/* End PBXShellScriptBuildPhase section */

/* Begin PBXSourcesBuildPhase section */
		06F5809426D4D19100161B80 /* Sources */ = {
			isa = PBXSourcesBuildPhase;
			buildActionMask = 2147483647;
			files = (
				06F580A026D4D19100161B80 /* ViewController.swift in Sources */,
				06F5809C26D4D19100161B80 /* AppDelegate.swift in Sources */,
				06F580D026D4D7D800161B80 /* ViewModel.swift in Sources */,
				06F580DE26D4EB1600161B80 /* DatasourceModel.swift in Sources */,
				06F580DC26D4E9F700161B80 /* DatasourceViewModel.swift in Sources */,
				06F580D426D4DA6800161B80 /* Model.swift in Sources */,
				06F5809E26D4D19100161B80 /* SceneDelegate.swift in Sources */,
				06F580D226D4D96D00161B80 /* FirebaseModel.swift in Sources */,
				06F580D826D4E8E800161B80 /* DatasourceViewController.swift in Sources */,
			);
			runOnlyForDeploymentPostprocessing = 0;
		};
		06F580AA26D4D19E00161B80 /* Sources */ = {
			isa = PBXSourcesBuildPhase;
			buildActionMask = 2147483647;
			files = (
				06F580B326D4D19E00161B80 /* sample_ballcapTests.swift in Sources */,
			);
			runOnlyForDeploymentPostprocessing = 0;
		};
		06F580B526D4D19E00161B80 /* Sources */ = {
			isa = PBXSourcesBuildPhase;
			buildActionMask = 2147483647;
			files = (
				06F580BE26D4D19E00161B80 /* sample_ballcapUITests.swift in Sources */,
			);
			runOnlyForDeploymentPostprocessing = 0;
		};
/* End PBXSourcesBuildPhase section */

/* Begin PBXTargetDependency section */
		06F580B026D4D19E00161B80 /* PBXTargetDependency */ = {
			isa = PBXTargetDependency;
			target = 06F5809726D4D19100161B80 /* sample_ballcap */;
			targetProxy = 06F580AF26D4D19E00161B80 /* PBXContainerItemProxy */;
		};
		06F580BB26D4D19E00161B80 /* PBXTargetDependency */ = {
			isa = PBXTargetDependency;
			target = 06F5809726D4D19100161B80 /* sample_ballcap */;
			targetProxy = 06F580BA26D4D19E00161B80 /* PBXContainerItemProxy */;
		};
/* End PBXTargetDependency section */

/* Begin PBXVariantGroup section */
		06F580A126D4D19100161B80 /* Main.storyboard */ = {
			isa = PBXVariantGroup;
			children = (
				06F580A226D4D19100161B80 /* Base */,
			);
			name = Main.storyboard;
			sourceTree = "<group>";
		};
		06F580A626D4D19E00161B80 /* LaunchScreen.storyboard */ = {
			isa = PBXVariantGroup;
			children = (
				06F580A726D4D19E00161B80 /* Base */,
			);
			name = LaunchScreen.storyboard;
			sourceTree = "<group>";
		};
/* End PBXVariantGroup section */

/* Begin XCBuildConfiguration section */
		06F580C026D4D19E00161B80 /* Debug */ = {
			isa = XCBuildConfiguration;
			buildSettings = {
				ALWAYS_SEARCH_USER_PATHS = NO;
				CLANG_ANALYZER_NONNULL = YES;
				CLANG_ANALYZER_NUMBER_OBJECT_CONVERSION = YES_AGGRESSIVE;
				CLANG_CXX_LANGUAGE_STANDARD = "gnu++14";
				CLANG_CXX_LIBRARY = "libc++";
				CLANG_ENABLE_MODULES = YES;
				CLANG_ENABLE_OBJC_ARC = YES;
				CLANG_ENABLE_OBJC_WEAK = YES;
				CLANG_WARN_BLOCK_CAPTURE_AUTORELEASING = YES;
				CLANG_WARN_BOOL_CONVERSION = YES;
				CLANG_WARN_COMMA = YES;
				CLANG_WARN_CONSTANT_CONVERSION = YES;
				CLANG_WARN_DEPRECATED_OBJC_IMPLEMENTATIONS = YES;
				CLANG_WARN_DIRECT_OBJC_ISA_USAGE = YES_ERROR;
				CLANG_WARN_DOCUMENTATION_COMMENTS = YES;
				CLANG_WARN_EMPTY_BODY = YES;
				CLANG_WARN_ENUM_CONVERSION = YES;
				CLANG_WARN_INFINITE_RECURSION = YES;
				CLANG_WARN_INT_CONVERSION = YES;
				CLANG_WARN_NON_LITERAL_NULL_CONVERSION = YES;
				CLANG_WARN_OBJC_IMPLICIT_RETAIN_SELF = YES;
				CLANG_WARN_OBJC_LITERAL_CONVERSION = YES;
				CLANG_WARN_OBJC_ROOT_CLASS = YES_ERROR;
				CLANG_WARN_QUOTED_INCLUDE_IN_FRAMEWORK_HEADER = YES;
				CLANG_WARN_RANGE_LOOP_ANALYSIS = YES;
				CLANG_WARN_STRICT_PROTOTYPES = YES;
				CLANG_WARN_SUSPICIOUS_MOVE = YES;
				CLANG_WARN_UNGUARDED_AVAILABILITY = YES_AGGRESSIVE;
				CLANG_WARN_UNREACHABLE_CODE = YES;
				CLANG_WARN__DUPLICATE_METHOD_MATCH = YES;
				COPY_PHASE_STRIP = NO;
				DEBUG_INFORMATION_FORMAT = dwarf;
				ENABLE_STRICT_OBJC_MSGSEND = YES;
				ENABLE_TESTABILITY = YES;
				GCC_C_LANGUAGE_STANDARD = gnu11;
				GCC_DYNAMIC_NO_PIC = NO;
				GCC_NO_COMMON_BLOCKS = YES;
				GCC_OPTIMIZATION_LEVEL = 0;
				GCC_PREPROCESSOR_DEFINITIONS = (
					"DEBUG=1",
					"$(inherited)",
				);
				GCC_WARN_64_TO_32_BIT_CONVERSION = YES;
				GCC_WARN_ABOUT_RETURN_TYPE = YES_ERROR;
				GCC_WARN_UNDECLARED_SELECTOR = YES;
				GCC_WARN_UNINITIALIZED_AUTOS = YES_AGGRESSIVE;
				GCC_WARN_UNUSED_FUNCTION = YES;
				GCC_WARN_UNUSED_VARIABLE = YES;
				IPHONEOS_DEPLOYMENT_TARGET = 14.5;
				MTL_ENABLE_DEBUG_INFO = INCLUDE_SOURCE;
				MTL_FAST_MATH = YES;
				ONLY_ACTIVE_ARCH = YES;
				SDKROOT = iphoneos;
				SWIFT_ACTIVE_COMPILATION_CONDITIONS = DEBUG;
				SWIFT_OPTIMIZATION_LEVEL = "-Onone";
			};
			name = Debug;
		};
		06F580C126D4D19E00161B80 /* Release */ = {
			isa = XCBuildConfiguration;
			buildSettings = {
				ALWAYS_SEARCH_USER_PATHS = NO;
				CLANG_ANALYZER_NONNULL = YES;
				CLANG_ANALYZER_NUMBER_OBJECT_CONVERSION = YES_AGGRESSIVE;
				CLANG_CXX_LANGUAGE_STANDARD = "gnu++14";
				CLANG_CXX_LIBRARY = "libc++";
				CLANG_ENABLE_MODULES = YES;
				CLANG_ENABLE_OBJC_ARC = YES;
				CLANG_ENABLE_OBJC_WEAK = YES;
				CLANG_WARN_BLOCK_CAPTURE_AUTORELEASING = YES;
				CLANG_WARN_BOOL_CONVERSION = YES;
				CLANG_WARN_COMMA = YES;
				CLANG_WARN_CONSTANT_CONVERSION = YES;
				CLANG_WARN_DEPRECATED_OBJC_IMPLEMENTATIONS = YES;
				CLANG_WARN_DIRECT_OBJC_ISA_USAGE = YES_ERROR;
				CLANG_WARN_DOCUMENTATION_COMMENTS = YES;
				CLANG_WARN_EMPTY_BODY = YES;
				CLANG_WARN_ENUM_CONVERSION = YES;
				CLANG_WARN_INFINITE_RECURSION = YES;
				CLANG_WARN_INT_CONVERSION = YES;
				CLANG_WARN_NON_LITERAL_NULL_CONVERSION = YES;
				CLANG_WARN_OBJC_IMPLICIT_RETAIN_SELF = YES;
				CLANG_WARN_OBJC_LITERAL_CONVERSION = YES;
				CLANG_WARN_OBJC_ROOT_CLASS = YES_ERROR;
				CLANG_WARN_QUOTED_INCLUDE_IN_FRAMEWORK_HEADER = YES;
				CLANG_WARN_RANGE_LOOP_ANALYSIS = YES;
				CLANG_WARN_STRICT_PROTOTYPES = YES;
				CLANG_WARN_SUSPICIOUS_MOVE = YES;
				CLANG_WARN_UNGUARDED_AVAILABILITY = YES_AGGRESSIVE;
				CLANG_WARN_UNREACHABLE_CODE = YES;
				CLANG_WARN__DUPLICATE_METHOD_MATCH = YES;
				COPY_PHASE_STRIP = NO;
				DEBUG_INFORMATION_FORMAT = "dwarf-with-dsym";
				ENABLE_NS_ASSERTIONS = NO;
				ENABLE_STRICT_OBJC_MSGSEND = YES;
				GCC_C_LANGUAGE_STANDARD = gnu11;
				GCC_NO_COMMON_BLOCKS = YES;
				GCC_WARN_64_TO_32_BIT_CONVERSION = YES;
				GCC_WARN_ABOUT_RETURN_TYPE = YES_ERROR;
				GCC_WARN_UNDECLARED_SELECTOR = YES;
				GCC_WARN_UNINITIALIZED_AUTOS = YES_AGGRESSIVE;
				GCC_WARN_UNUSED_FUNCTION = YES;
				GCC_WARN_UNUSED_VARIABLE = YES;
				IPHONEOS_DEPLOYMENT_TARGET = 14.5;
				MTL_ENABLE_DEBUG_INFO = NO;
				MTL_FAST_MATH = YES;
				SDKROOT = iphoneos;
				SWIFT_COMPILATION_MODE = wholemodule;
				SWIFT_OPTIMIZATION_LEVEL = "-O";
				VALIDATE_PRODUCT = YES;
			};
			name = Release;
		};
		06F580C326D4D19E00161B80 /* Debug */ = {
			isa = XCBuildConfiguration;
			baseConfigurationReference = 194960FEE4287587946454CE /* Pods-sample_ballcap.debug.xcconfig */;
			buildSettings = {
				ASSETCATALOG_COMPILER_APPICON_NAME = AppIcon;
				ASSETCATALOG_COMPILER_GLOBAL_ACCENT_COLOR_NAME = AccentColor;
				CODE_SIGN_STYLE = Automatic;
				DEVELOPMENT_TEAM = 657Z774V99;
				INFOPLIST_FILE = sample_ballcap/Info.plist;
				LD_RUNPATH_SEARCH_PATHS = (
					"$(inherited)",
					"@executable_path/Frameworks",
				);
				PRODUCT_BUNDLE_IDENTIFIER = "jp.softbank.i.m-107-sin.sample-ballcap";
				PRODUCT_NAME = "$(TARGET_NAME)";
				SWIFT_VERSION = 5.0;
				TARGETED_DEVICE_FAMILY = "1,2";
			};
			name = Debug;
		};
		06F580C426D4D19E00161B80 /* Release */ = {
			isa = XCBuildConfiguration;
			baseConfigurationReference = 2230ED4870C3C548A9736B68 /* Pods-sample_ballcap.release.xcconfig */;
			buildSettings = {
				ASSETCATALOG_COMPILER_APPICON_NAME = AppIcon;
				ASSETCATALOG_COMPILER_GLOBAL_ACCENT_COLOR_NAME = AccentColor;
				CODE_SIGN_STYLE = Automatic;
				DEVELOPMENT_TEAM = 657Z774V99;
				INFOPLIST_FILE = sample_ballcap/Info.plist;
				LD_RUNPATH_SEARCH_PATHS = (
					"$(inherited)",
					"@executable_path/Frameworks",
				);
				PRODUCT_BUNDLE_IDENTIFIER = "jp.softbank.i.m-107-sin.sample-ballcap";
				PRODUCT_NAME = "$(TARGET_NAME)";
				SWIFT_VERSION = 5.0;
				TARGETED_DEVICE_FAMILY = "1,2";
			};
			name = Release;
		};
		06F580C626D4D19E00161B80 /* Debug */ = {
			isa = XCBuildConfiguration;
			baseConfigurationReference = CB65C402065E14AF790AE566 /* Pods-sample_ballcapTests.debug.xcconfig */;
			buildSettings = {
				ALWAYS_EMBED_SWIFT_STANDARD_LIBRARIES = YES;
				BUNDLE_LOADER = "$(TEST_HOST)";
				CODE_SIGN_STYLE = Automatic;
				DEVELOPMENT_TEAM = 657Z774V99;
				INFOPLIST_FILE = sample_ballcapTests/Info.plist;
				IPHONEOS_DEPLOYMENT_TARGET = 14.5;
				LD_RUNPATH_SEARCH_PATHS = (
					"$(inherited)",
					"@executable_path/Frameworks",
					"@loader_path/Frameworks",
				);
				PRODUCT_BUNDLE_IDENTIFIER = "jp.softbank.i.m-107-sin.sample-ballcapTests";
				PRODUCT_NAME = "$(TARGET_NAME)";
				SWIFT_VERSION = 5.0;
				TARGETED_DEVICE_FAMILY = "1,2";
				TEST_HOST = "$(BUILT_PRODUCTS_DIR)/sample_ballcap.app/sample_ballcap";
			};
			name = Debug;
		};
		06F580C726D4D19E00161B80 /* Release */ = {
			isa = XCBuildConfiguration;
			baseConfigurationReference = 14AA7570E46D19EB462BF881 /* Pods-sample_ballcapTests.release.xcconfig */;
			buildSettings = {
				ALWAYS_EMBED_SWIFT_STANDARD_LIBRARIES = YES;
				BUNDLE_LOADER = "$(TEST_HOST)";
				CODE_SIGN_STYLE = Automatic;
				DEVELOPMENT_TEAM = 657Z774V99;
				INFOPLIST_FILE = sample_ballcapTests/Info.plist;
				IPHONEOS_DEPLOYMENT_TARGET = 14.5;
				LD_RUNPATH_SEARCH_PATHS = (
					"$(inherited)",
					"@executable_path/Frameworks",
					"@loader_path/Frameworks",
				);
				PRODUCT_BUNDLE_IDENTIFIER = "jp.softbank.i.m-107-sin.sample-ballcapTests";
				PRODUCT_NAME = "$(TARGET_NAME)";
				SWIFT_VERSION = 5.0;
				TARGETED_DEVICE_FAMILY = "1,2";
				TEST_HOST = "$(BUILT_PRODUCTS_DIR)/sample_ballcap.app/sample_ballcap";
			};
			name = Release;
		};
		06F580C926D4D19E00161B80 /* Debug */ = {
			isa = XCBuildConfiguration;
			baseConfigurationReference = 5576719E93DC64AF835F0040 /* Pods-sample_ballcap-sample_ballcapUITests.debug.xcconfig */;
			buildSettings = {
				ALWAYS_EMBED_SWIFT_STANDARD_LIBRARIES = YES;
				CODE_SIGN_STYLE = Automatic;
				DEVELOPMENT_TEAM = 657Z774V99;
				INFOPLIST_FILE = sample_ballcapUITests/Info.plist;
				LD_RUNPATH_SEARCH_PATHS = (
					"$(inherited)",
					"@executable_path/Frameworks",
					"@loader_path/Frameworks",
				);
				PRODUCT_BUNDLE_IDENTIFIER = "jp.softbank.i.m-107-sin.sample-ballcapUITests";
				PRODUCT_NAME = "$(TARGET_NAME)";
				SWIFT_VERSION = 5.0;
				TARGETED_DEVICE_FAMILY = "1,2";
				TEST_TARGET_NAME = sample_ballcap;
			};
			name = Debug;
		};
		06F580CA26D4D19E00161B80 /* Release */ = {
			isa = XCBuildConfiguration;
			baseConfigurationReference = 243CD21904DD266D36B5F186 /* Pods-sample_ballcap-sample_ballcapUITests.release.xcconfig */;
			buildSettings = {
				ALWAYS_EMBED_SWIFT_STANDARD_LIBRARIES = YES;
				CODE_SIGN_STYLE = Automatic;
				DEVELOPMENT_TEAM = 657Z774V99;
				INFOPLIST_FILE = sample_ballcapUITests/Info.plist;
				LD_RUNPATH_SEARCH_PATHS = (
					"$(inherited)",
					"@executable_path/Frameworks",
					"@loader_path/Frameworks",
				);
				PRODUCT_BUNDLE_IDENTIFIER = "jp.softbank.i.m-107-sin.sample-ballcapUITests";
				PRODUCT_NAME = "$(TARGET_NAME)";
				SWIFT_VERSION = 5.0;
				TARGETED_DEVICE_FAMILY = "1,2";
				TEST_TARGET_NAME = sample_ballcap;
			};
			name = Release;
		};
/* End XCBuildConfiguration section */

/* Begin XCConfigurationList section */
		06F5809326D4D19100161B80 /* Build configuration list for PBXProject "sample_ballcap" */ = {
			isa = XCConfigurationList;
			buildConfigurations = (
				06F580C026D4D19E00161B80 /* Debug */,
				06F580C126D4D19E00161B80 /* Release */,
			);
			defaultConfigurationIsVisible = 0;
			defaultConfigurationName = Release;
		};
		06F580C226D4D19E00161B80 /* Build configuration list for PBXNativeTarget "sample_ballcap" */ = {
			isa = XCConfigurationList;
			buildConfigurations = (
				06F580C326D4D19E00161B80 /* Debug */,
				06F580C426D4D19E00161B80 /* Release */,
			);
			defaultConfigurationIsVisible = 0;
			defaultConfigurationName = Release;
		};
		06F580C526D4D19E00161B80 /* Build configuration list for PBXNativeTarget "sample_ballcapTests" */ = {
			isa = XCConfigurationList;
			buildConfigurations = (
				06F580C626D4D19E00161B80 /* Debug */,
				06F580C726D4D19E00161B80 /* Release */,
			);
			defaultConfigurationIsVisible = 0;
			defaultConfigurationName = Release;
		};
		06F580C826D4D19E00161B80 /* Build configuration list for PBXNativeTarget "sample_ballcapUITests" */ = {
			isa = XCConfigurationList;
			buildConfigurations = (
				06F580C926D4D19E00161B80 /* Debug */,
				06F580CA26D4D19E00161B80 /* Release */,
			);
			defaultConfigurationIsVisible = 0;
			defaultConfigurationName = Release;
		};
/* End XCConfigurationList section */
	};
	rootObject = 06F5809026D4D19100161B80 /* Project object */;
}
